
Microsoft Visual Studio Solution File, Format Version 12.00
# Visual Studio Version 17
VisualStudioVersion = 17.11.35327.3
MinimumVisualStudioVersion = 10.0.40219.1
Project("{D2ABAB84-BF74-430A-B69E-9DC6D40DDA17}") = "Kyrsova_SSAS_DB", "Kyrsova_SSAS_DB\Kyrsova_SSAS_DB.dwproj", "{5016C44A-05E8-4502-86E3-FE60270A9FE3}"
EndProject
Global
	GlobalSection(SolutionConfigurationPlatforms) = preSolution
		Development|Default = Development|Default
	EndGlobalSection
	GlobalSection(ProjectConfigurationPlatforms) = postSolution
		{5016C44A-05E8-4502-86E3-FE60270A9FE3}.Development|Default.ActiveCfg = Development
		{5016C44A-05E8-4502-86E3-FE60270A9FE3}.Development|Default.Build.0 = Development
		{5016C44A-05E8-4502-86E3-FE60270A9FE3}.Development|Default.Deploy.0 = Development
	EndGlobalSection
	GlobalSection(SolutionProperties) = preSolution
		HideSolutionNode = FALSE
	EndGlobalSection
	GlobalSection(ExtensibilityGlobals) = postSolution
		SolutionGuid = {30250918-C477-4ADE-8DC7-0CB89506AFA6}
	EndGlobalSection
EndGlobal
